// !$*UTF8*$!
{
	archiveVersion = 1;
	classes = {
	};
	objectVersion = 51;
	objects = {

/* Begin PBXBuildFile section */
		19886C202496475B00A8D28D /* AppDelegate.swift in Sources */ = {isa = PBXBuildFile; fileRef = 19886C1F2496475B00A8D28D /* AppDelegate.swift */; };
		19886C222496475B00A8D28D /* SceneDelegate.swift in Sources */ = {isa = PBXBuildFile; fileRef = 19886C212496475B00A8D28D /* SceneDelegate.swift */; };
		19886C242496475B00A8D28D /* ViewController.swift in Sources */ = {isa = PBXBuildFile; fileRef = 19886C232496475B00A8D28D /* ViewController.swift */; };
		19886C272496475B00A8D28D /* Main.storyboard in Resources */ = {isa = PBXBuildFile; fileRef = 19886C252496475B00A8D28D /* Main.storyboard */; };
		19886C292496475D00A8D28D /* Assets.xcassets in Resources */ = {isa = PBXBuildFile; fileRef = 19886C282496475D00A8D28D /* Assets.xcassets */; };
		19886C2C2496475D00A8D28D /* LaunchScreen.storyboard in Resources */ = {isa = PBXBuildFile; fileRef = 19886C2A2496475D00A8D28D /* LaunchScreen.storyboard */; };
		19886CAD24964A3900A8D28D /* CustomModel.swift in Sources */ = {isa = PBXBuildFile; fileRef = 19886CAC24964A3900A8D28D /* CustomModel.swift */; };
		19886CAF24964B2E00A8D28D /* DQDateTransform.swift in Sources */ = {isa = PBXBuildFile; fileRef = 19886CAE24964B2E00A8D28D /* DQDateTransform.swift */; };
		19CFC6AD24AA36B7001B9DBB /* UserDefaultsKeyValueDetailViewController.swift in Sources */ = {isa = PBXBuildFile; fileRef = 19CFC65124AA36B6001B9DBB /* UserDefaultsKeyValueDetailViewController.swift */; };
		19CFC6AE24AA36B7001B9DBB /* UserDefaultsKeyValuesListViewController.swift in Sources */ = {isa = PBXBuildFile; fileRef = 19CFC65224AA36B6001B9DBB /* UserDefaultsKeyValuesListViewController.swift */; };
		19CFC6AF24AA36B7001B9DBB /* ANRListViewController.swift in Sources */ = {isa = PBXBuildFile; fileRef = 19CFC65424AA36B6001B9DBB /* ANRListViewController.swift */; };
		19CFC6B024AA36B7001B9DBB /* ANRDashboardViewController.swift in Sources */ = {isa = PBXBuildFile; fileRef = 19CFC65524AA36B6001B9DBB /* ANRDashboardViewController.swift */; };
		19CFC6B124AA36B7001B9DBB /* MemoryDashboardViewController.swift in Sources */ = {isa = PBXBuildFile; fileRef = 19CFC65724AA36B7001B9DBB /* MemoryDashboardViewController.swift */; };
		19CFC6B224AA36B7001B9DBB /* CPUDashboardViewController.swift in Sources */ = {isa = PBXBuildFile; fileRef = 19CFC65924AA36B7001B9DBB /* CPUDashboardViewController.swift */; };
		19CFC6B324AA36B7001B9DBB /* JXDatabaseConnector.swift in Sources */ = {isa = PBXBuildFile; fileRef = 19CFC65B24AA36B7001B9DBB /* JXDatabaseConnector.swift */; };
		19CFC6B424AA36B7001B9DBB /* ExcelView.swift in Sources */ = {isa = PBXBuildFile; fileRef = 19CFC65C24AA36B7001B9DBB /* ExcelView.swift */; };
		19CFC6B524AA36B7001B9DBB /* JXTableListViewController.swift in Sources */ = {isa = PBXBuildFile; fileRef = 19CFC65D24AA36B7001B9DBB /* JXTableListViewController.swift */; };
		19CFC6B624AA36B7001B9DBB /* JXFileBrowserController.swift in Sources */ = {isa = PBXBuildFile; fileRef = 19CFC65E24AA36B7001B9DBB /* JXFileBrowserController.swift */; };
		19CFC6B724AA36B7001B9DBB /* JXTextPreviewViewController.swift in Sources */ = {isa = PBXBuildFile; fileRef = 19CFC65F24AA36B7001B9DBB /* JXTextPreviewViewController.swift */; };
		19CFC6B824AA36B7001B9DBB /* JXFilePreviewViewController.swift in Sources */ = {isa = PBXBuildFile; fileRef = 19CFC66024AA36B7001B9DBB /* JXFilePreviewViewController.swift */; };
		19CFC6B924AA36B7001B9DBB /* JXTableContentViewController.swift in Sources */ = {isa = PBXBuildFile; fileRef = 19CFC66124AA36B7001B9DBB /* JXTableContentViewController.swift */; };
		19CFC6BA24AA36B7001B9DBB /* CrashListViewController.swift in Sources */ = {isa = PBXBuildFile; fileRef = 19CFC66324AA36B7001B9DBB /* CrashListViewController.swift */; };
		19CFC6BB24AA36B7001B9DBB /* CrashDashboardViewController.swift in Sources */ = {isa = PBXBuildFile; fileRef = 19CFC66424AA36B7001B9DBB /* CrashDashboardViewController.swift */; };
		19CFC6BC24AA36B7001B9DBB /* WebsiteEntryViewController.swift in Sources */ = {isa = PBXBuildFile; fileRef = 19CFC66624AA36B7001B9DBB /* WebsiteEntryViewController.swift */; };
		19CFC6BD24AA36B7001B9DBB /* WebDetailViewController.swift in Sources */ = {isa = PBXBuildFile; fileRef = 19CFC66724AA36B7001B9DBB /* WebDetailViewController.swift */; };
		19CFC6BE24AA36B7001B9DBB /* NetworkFlowListViewController.swift in Sources */ = {isa = PBXBuildFile; fileRef = 19CFC66924AA36B7001B9DBB /* NetworkFlowListViewController.swift */; };
		19CFC6BF24AA36B7001B9DBB /* NetworkFlowResponseDataDetailViewController.swift in Sources */ = {isa = PBXBuildFile; fileRef = 19CFC66A24AA36B7001B9DBB /* NetworkFlowResponseDataDetailViewController.swift */; };
		19CFC6C024AA36B7001B9DBB /* NetworkFlowDetailViewController.swift in Sources */ = {isa = PBXBuildFile; fileRef = 19CFC66B24AA36B7001B9DBB /* NetworkFlowDetailViewController.swift */; };
		19CFC6C124AA36B7001B9DBB /* NetworkObserverDashboardViewController.swift in Sources */ = {isa = PBXBuildFile; fileRef = 19CFC66C24AA36B7001B9DBB /* NetworkObserverDashboardViewController.swift */; };
		19CFC6C224AA36B7001B9DBB /* FileListViewController.swift in Sources */ = {isa = PBXBuildFile; fileRef = 19CFC66E24AA36B7001B9DBB /* FileListViewController.swift */; };
		19CFC6C324AA36B7001B9DBB /* DashboardCell.swift in Sources */ = {isa = PBXBuildFile; fileRef = 19CFC66F24AA36B7001B9DBB /* DashboardCell.swift */; };
		19CFC6C424AA36B7001B9DBB /* MonitorListWindow.swift in Sources */ = {isa = PBXBuildFile; fileRef = 19CFC67024AA36B7001B9DBB /* MonitorListWindow.swift */; };
		19CFC6C524AA36B7001B9DBB /* MonitorConsoleLabel.swift in Sources */ = {isa = PBXBuildFile; fileRef = 19CFC67124AA36B7001B9DBB /* MonitorConsoleLabel.swift */; };
		19CFC6C624AA36B7001B9DBB /* SanboxModel.swift in Sources */ = {isa = PBXBuildFile; fileRef = 19CFC67324AA36B7001B9DBB /* SanboxModel.swift */; };
		19CFC6C724AA36B7001B9DBB /* NetworkFlowDetailCellModel.swift in Sources */ = {isa = PBXBuildFile; fileRef = 19CFC67424AA36B7001B9DBB /* NetworkFlowDetailCellModel.swift */; };
		19CFC6C824AA36B7001B9DBB /* SoldierListSectionModel.swift in Sources */ = {isa = PBXBuildFile; fileRef = 19CFC67524AA36B7001B9DBB /* SoldierListSectionModel.swift */; };
		19CFC6C924AA36B7001B9DBB /* UserDefaultsKeyValueModel.swift in Sources */ = {isa = PBXBuildFile; fileRef = 19CFC67624AA36B7001B9DBB /* UserDefaultsKeyValueModel.swift */; };
		19CFC6CA24AA36B7001B9DBB /* NetworkFlowModel.swift in Sources */ = {isa = PBXBuildFile; fileRef = 19CFC67724AA36B7001B9DBB /* NetworkFlowModel.swift */; };
		19CFC6CB24AA36B7001B9DBB /* NetworkFlowDetailSectionModel.swift in Sources */ = {isa = PBXBuildFile; fileRef = 19CFC67824AA36B7001B9DBB /* NetworkFlowDetailSectionModel.swift */; };
		19CFC6CC24AA36B7001B9DBB /* BaseViewController.swift in Sources */ = {isa = PBXBuildFile; fileRef = 19CFC67A24AA36B7001B9DBB /* BaseViewController.swift */; };
		19CFC6CD24AA36B7001B9DBB /* BaseTableViewController.swift in Sources */ = {isa = PBXBuildFile; fileRef = 19CFC67B24AA36B7001B9DBB /* BaseTableViewController.swift */; };
		19CFC6CE24AA36B7001B9DBB /* SoldierListViewController.swift in Sources */ = {isa = PBXBuildFile; fileRef = 19CFC67C24AA36B7001B9DBB /* SoldierListViewController.swift */; };
		19CFC6CF24AA36B7001B9DBB /* CaptainFloatingViewController.swift in Sources */ = {isa = PBXBuildFile; fileRef = 19CFC67D24AA36B7001B9DBB /* CaptainFloatingViewController.swift */; };
		19CFC6D024AA36B7001B9DBB /* CaptainFloatingWindow.swift in Sources */ = {isa = PBXBuildFile; fileRef = 19CFC67E24AA36B7001B9DBB /* CaptainFloatingWindow.swift */; };
		19CFC6D124AA36B7001B9DBB /* FPSDashboardViewController.swift in Sources */ = {isa = PBXBuildFile; fileRef = 19CFC68024AA36B7001B9DBB /* FPSDashboardViewController.swift */; };
		19CFC6D224AA36B7001B9DBB /* AppInfoViewController.swift in Sources */ = {isa = PBXBuildFile; fileRef = 19CFC68224AA36B7001B9DBB /* AppInfoViewController.swift */; };
		19CFC6D324AA36B7001B9DBB /* Captain.swift in Sources */ = {isa = PBXBuildFile; fileRef = 19CFC68324AA36B7001B9DBB /* Captain.swift */; };
		19CFC6D424AA36B7001B9DBB /* UserDefaultsSoldier.swift in Sources */ = {isa = PBXBuildFile; fileRef = 19CFC68624AA36B7001B9DBB /* UserDefaultsSoldier.swift */; };
		19CFC6D524AA36B7001B9DBB /* ANRPingThread.swift in Sources */ = {isa = PBXBuildFile; fileRef = 19CFC68824AA36B7001B9DBB /* ANRPingThread.swift */; };
		19CFC6D624AA36B7001B9DBB /* ANRMonitor.swift in Sources */ = {isa = PBXBuildFile; fileRef = 19CFC68924AA36B7001B9DBB /* ANRMonitor.swift */; };
		19CFC6D724AA36B7001B9DBB /* ANRSoldier.swift in Sources */ = {isa = PBXBuildFile; fileRef = 19CFC68A24AA36B7001B9DBB /* ANRSoldier.swift */; };
		19CFC6D824AA36B7001B9DBB /* MemoryMonitor.swift in Sources */ = {isa = PBXBuildFile; fileRef = 19CFC68C24AA36B7001B9DBB /* MemoryMonitor.swift */; };
		19CFC6D924AA36B7001B9DBB /* MemorySoldier.swift in Sources */ = {isa = PBXBuildFile; fileRef = 19CFC68D24AA36B7001B9DBB /* MemorySoldier.swift */; };
		19CFC6DA24AA36B7001B9DBB /* CPUSoldier.swift in Sources */ = {isa = PBXBuildFile; fileRef = 19CFC68F24AA36B7001B9DBB /* CPUSoldier.swift */; };
		19CFC6DB24AA36B7001B9DBB /* CPUMonitor.swift in Sources */ = {isa = PBXBuildFile; fileRef = 19CFC69024AA36B7001B9DBB /* CPUMonitor.swift */; };
		19CFC6DC24AA36B7001B9DBB /* SanboxBrowserSoldier.swift in Sources */ = {isa = PBXBuildFile; fileRef = 19CFC69224AA36B7001B9DBB /* SanboxBrowserSoldier.swift */; };
		19CFC6DD24AA36B7001B9DBB /* CrashUncaughtExceptionHandler.swift in Sources */ = {isa = PBXBuildFile; fileRef = 19CFC69424AA36B7001B9DBB /* CrashUncaughtExceptionHandler.swift */; };
		19CFC6DE24AA36B7001B9DBB /* CrashSoldier.swift in Sources */ = {isa = PBXBuildFile; fileRef = 19CFC69524AA36B7001B9DBB /* CrashSoldier.swift */; };
		19CFC6DF24AA36B7001B9DBB /* CrashSignalExceptionHandler.swift in Sources */ = {isa = PBXBuildFile; fileRef = 19CFC69624AA36B7001B9DBB /* CrashSignalExceptionHandler.swift */; };
		19CFC6E024AA36B7001B9DBB /* WebsiteEntrySoldier.swift in Sources */ = {isa = PBXBuildFile; fileRef = 19CFC69824AA36B7001B9DBB /* WebsiteEntrySoldier.swift */; };
		19CFC6E124AA36B7001B9DBB /* JXCaptainURLProtocol.swift in Sources */ = {isa = PBXBuildFile; fileRef = 19CFC69A24AA36B7001B9DBB /* JXCaptainURLProtocol.swift */; };
		19CFC6E224AA36B7001B9DBB /* NetworkObserverSoldier.swift in Sources */ = {isa = PBXBuildFile; fileRef = 19CFC69B24AA36B7001B9DBB /* NetworkObserverSoldier.swift */; };
		19CFC6E324AA36B7001B9DBB /* FPSSoldier.swift in Sources */ = {isa = PBXBuildFile; fileRef = 19CFC69D24AA36B7001B9DBB /* FPSSoldier.swift */; };
		19CFC6E424AA36B7001B9DBB /* FPSMonitor.swift in Sources */ = {isa = PBXBuildFile; fileRef = 19CFC69E24AA36B7001B9DBB /* FPSMonitor.swift */; };
		19CFC6E524AA36B7001B9DBB /* AppInfoSoldier.swift in Sources */ = {isa = PBXBuildFile; fileRef = 19CFC6A024AA36B7001B9DBB /* AppInfoSoldier.swift */; };
		19CFC6E624AA36B7001B9DBB /* AppInfoManager.swift in Sources */ = {isa = PBXBuildFile; fileRef = 19CFC6A124AA36B7001B9DBB /* AppInfoManager.swift */; };
		19CFC6E724AA36B7001B9DBB /* UserDefaults+Access.swift in Sources */ = {isa = PBXBuildFile; fileRef = 19CFC6A224AA36B7001B9DBB /* UserDefaults+Access.swift */; };
		19CFC6E824AA36B7001B9DBB /* NetworkManager.swift in Sources */ = {isa = PBXBuildFile; fileRef = 19CFC6A524AA36B7001B9DBB /* NetworkManager.swift */; };
		19CFC6E924AA36B7001B9DBB /* ANRFileManager.swift in Sources */ = {isa = PBXBuildFile; fileRef = 19CFC6A724AA36B7001B9DBB /* ANRFileManager.swift */; };
		19CFC6EA24AA36B7001B9DBB /* SoldierFileManager.swift in Sources */ = {isa = PBXBuildFile; fileRef = 19CFC6A824AA36B7001B9DBB /* SoldierFileManager.swift */; };
		19CFC6EB24AA36B7001B9DBB /* CrashFileManager.swift in Sources */ = {isa = PBXBuildFile; fileRef = 19CFC6A924AA36B7001B9DBB /* CrashFileManager.swift */; };
		19CFC6EC24AA36B7001B9DBB /* ImageManager.swift in Sources */ = {isa = PBXBuildFile; fileRef = 19CFC6AB24AA36B7001B9DBB /* ImageManager.swift */; };
		19CFC6ED24AA36B7001B9DBB /* CaptainDefines.swift in Sources */ = {isa = PBXBuildFile; fileRef = 19CFC6AC24AA36B7001B9DBB /* CaptainDefines.swift */; };
		19F8007C2497570F00A98C1F /* CustomDAO.swift in Sources */ = {isa = PBXBuildFile; fileRef = 19F8007B2497570F00A98C1F /* CustomDAO.swift */; };
		9EC6ECF047FB2B9A07E5588D /* Pods_Example.framework in Frameworks */ = {isa = PBXBuildFile; fileRef = 38FD68C87A731E9037712163 /* Pods_Example.framework */; };
/* End PBXBuildFile section */

/* Begin PBXFileReference section */
		19886C1C2496475B00A8D28D /* Example.app */ = {isa = PBXFileReference; explicitFileType = wrapper.application; includeInIndex = 0; path = Example.app; sourceTree = BUILT_PRODUCTS_DIR; };
		19886C1F2496475B00A8D28D /* AppDelegate.swift */ = {isa = PBXFileReference; lastKnownFileType = sourcecode.swift; path = AppDelegate.swift; sourceTree = "<group>"; };
		19886C212496475B00A8D28D /* SceneDelegate.swift */ = {isa = PBXFileReference; lastKnownFileType = sourcecode.swift; path = SceneDelegate.swift; sourceTree = "<group>"; };
		19886C232496475B00A8D28D /* ViewController.swift */ = {isa = PBXFileReference; lastKnownFileType = sourcecode.swift; path = ViewController.swift; sourceTree = "<group>"; };
		19886C262496475B00A8D28D /* Base */ = {isa = PBXFileReference; lastKnownFileType = file.storyboard; name = Base; path = Base.lproj/Main.storyboard; sourceTree = "<group>"; };
		19886C282496475D00A8D28D /* Assets.xcassets */ = {isa = PBXFileReference; lastKnownFileType = folder.assetcatalog; path = Assets.xcassets; sourceTree = "<group>"; };
		19886C2B2496475D00A8D28D /* Base */ = {isa = PBXFileReference; lastKnownFileType = file.storyboard; name = Base; path = Base.lproj/LaunchScreen.storyboard; sourceTree = "<group>"; };
		19886C2D2496475D00A8D28D /* Info.plist */ = {isa = PBXFileReference; lastKnownFileType = text.plist.xml; path = Info.plist; sourceTree = "<group>"; };
		19886CAC24964A3900A8D28D /* CustomModel.swift */ = {isa = PBXFileReference; lastKnownFileType = sourcecode.swift; path = CustomModel.swift; sourceTree = "<group>"; };
		19886CAE24964B2E00A8D28D /* DQDateTransform.swift */ = {isa = PBXFileReference; lastKnownFileType = sourcecode.swift; path = DQDateTransform.swift; sourceTree = "<group>"; };
		19CFC65124AA36B6001B9DBB /* UserDefaultsKeyValueDetailViewController.swift */ = {isa = PBXFileReference; fileEncoding = 4; lastKnownFileType = sourcecode.swift; path = UserDefaultsKeyValueDetailViewController.swift; sourceTree = "<group>"; };
		19CFC65224AA36B6001B9DBB /* UserDefaultsKeyValuesListViewController.swift */ = {isa = PBXFileReference; fileEncoding = 4; lastKnownFileType = sourcecode.swift; path = UserDefaultsKeyValuesListViewController.swift; sourceTree = "<group>"; };
		19CFC65424AA36B6001B9DBB /* ANRListViewController.swift */ = {isa = PBXFileReference; fileEncoding = 4; lastKnownFileType = sourcecode.swift; path = ANRListViewController.swift; sourceTree = "<group>"; };
		19CFC65524AA36B6001B9DBB /* ANRDashboardViewController.swift */ = {isa = PBXFileReference; fileEncoding = 4; lastKnownFileType = sourcecode.swift; path = ANRDashboardViewController.swift; sourceTree = "<group>"; };
		19CFC65724AA36B7001B9DBB /* MemoryDashboardViewController.swift */ = {isa = PBXFileReference; fileEncoding = 4; lastKnownFileType = sourcecode.swift; path = MemoryDashboardViewController.swift; sourceTree = "<group>"; };
		19CFC65924AA36B7001B9DBB /* CPUDashboardViewController.swift */ = {isa = PBXFileReference; fileEncoding = 4; lastKnownFileType = sourcecode.swift; path = CPUDashboardViewController.swift; sourceTree = "<group>"; };
		19CFC65B24AA36B7001B9DBB /* JXDatabaseConnector.swift */ = {isa = PBXFileReference; fileEncoding = 4; lastKnownFileType = sourcecode.swift; path = JXDatabaseConnector.swift; sourceTree = "<group>"; };
		19CFC65C24AA36B7001B9DBB /* ExcelView.swift */ = {isa = PBXFileReference; fileEncoding = 4; lastKnownFileType = sourcecode.swift; path = ExcelView.swift; sourceTree = "<group>"; };
		19CFC65D24AA36B7001B9DBB /* JXTableListViewController.swift */ = {isa = PBXFileReference; fileEncoding = 4; lastKnownFileType = sourcecode.swift; path = JXTableListViewController.swift; sourceTree = "<group>"; };
		19CFC65E24AA36B7001B9DBB /* JXFileBrowserController.swift */ = {isa = PBXFileReference; fileEncoding = 4; lastKnownFileType = sourcecode.swift; path = JXFileBrowserController.swift; sourceTree = "<group>"; };
		19CFC65F24AA36B7001B9DBB /* JXTextPreviewViewController.swift */ = {isa = PBXFileReference; fileEncoding = 4; lastKnownFileType = sourcecode.swift; path = JXTextPreviewViewController.swift; sourceTree = "<group>"; };
		19CFC66024AA36B7001B9DBB /* JXFilePreviewViewController.swift */ = {isa = PBXFileReference; fileEncoding = 4; lastKnownFileType = sourcecode.swift; path = JXFilePreviewViewController.swift; sourceTree = "<group>"; };
		19CFC66124AA36B7001B9DBB /* JXTableContentViewController.swift */ = {isa = PBXFileReference; fileEncoding = 4; lastKnownFileType = sourcecode.swift; path = JXTableContentViewController.swift; sourceTree = "<group>"; };
		19CFC66324AA36B7001B9DBB /* CrashListViewController.swift */ = {isa = PBXFileReference; fileEncoding = 4; lastKnownFileType = sourcecode.swift; path = CrashListViewController.swift; sourceTree = "<group>"; };
		19CFC66424AA36B7001B9DBB /* CrashDashboardViewController.swift */ = {isa = PBXFileReference; fileEncoding = 4; lastKnownFileType = sourcecode.swift; path = CrashDashboardViewController.swift; sourceTree = "<group>"; };
		19CFC66624AA36B7001B9DBB /* WebsiteEntryViewController.swift */ = {isa = PBXFileReference; fileEncoding = 4; lastKnownFileType = sourcecode.swift; path = WebsiteEntryViewController.swift; sourceTree = "<group>"; };
		19CFC66724AA36B7001B9DBB /* WebDetailViewController.swift */ = {isa = PBXFileReference; fileEncoding = 4; lastKnownFileType = sourcecode.swift; path = WebDetailViewController.swift; sourceTree = "<group>"; };
		19CFC66924AA36B7001B9DBB /* NetworkFlowListViewController.swift */ = {isa = PBXFileReference; fileEncoding = 4; lastKnownFileType = sourcecode.swift; path = NetworkFlowListViewController.swift; sourceTree = "<group>"; };
		19CFC66A24AA36B7001B9DBB /* NetworkFlowResponseDataDetailViewController.swift */ = {isa = PBXFileReference; fileEncoding = 4; lastKnownFileType = sourcecode.swift; path = NetworkFlowResponseDataDetailViewController.swift; sourceTree = "<group>"; };
		19CFC66B24AA36B7001B9DBB /* NetworkFlowDetailViewController.swift */ = {isa = PBXFileReference; fileEncoding = 4; lastKnownFileType = sourcecode.swift; path = NetworkFlowDetailViewController.swift; sourceTree = "<group>"; };
		19CFC66C24AA36B7001B9DBB /* NetworkObserverDashboardViewController.swift */ = {isa = PBXFileReference; fileEncoding = 4; lastKnownFileType = sourcecode.swift; path = NetworkObserverDashboardViewController.swift; sourceTree = "<group>"; };
		19CFC66E24AA36B7001B9DBB /* FileListViewController.swift */ = {isa = PBXFileReference; fileEncoding = 4; lastKnownFileType = sourcecode.swift; path = FileListViewController.swift; sourceTree = "<group>"; };
		19CFC66F24AA36B7001B9DBB /* DashboardCell.swift */ = {isa = PBXFileReference; fileEncoding = 4; lastKnownFileType = sourcecode.swift; path = DashboardCell.swift; sourceTree = "<group>"; };
		19CFC67024AA36B7001B9DBB /* MonitorListWindow.swift */ = {isa = PBXFileReference; fileEncoding = 4; lastKnownFileType = sourcecode.swift; path = MonitorListWindow.swift; sourceTree = "<group>"; };
		19CFC67124AA36B7001B9DBB /* MonitorConsoleLabel.swift */ = {isa = PBXFileReference; fileEncoding = 4; lastKnownFileType = sourcecode.swift; path = MonitorConsoleLabel.swift; sourceTree = "<group>"; };
		19CFC67324AA36B7001B9DBB /* SanboxModel.swift */ = {isa = PBXFileReference; fileEncoding = 4; lastKnownFileType = sourcecode.swift; path = SanboxModel.swift; sourceTree = "<group>"; };
		19CFC67424AA36B7001B9DBB /* NetworkFlowDetailCellModel.swift */ = {isa = PBXFileReference; fileEncoding = 4; lastKnownFileType = sourcecode.swift; path = NetworkFlowDetailCellModel.swift; sourceTree = "<group>"; };
		19CFC67524AA36B7001B9DBB /* SoldierListSectionModel.swift */ = {isa = PBXFileReference; fileEncoding = 4; lastKnownFileType = sourcecode.swift; path = SoldierListSectionModel.swift; sourceTree = "<group>"; };
		19CFC67624AA36B7001B9DBB /* UserDefaultsKeyValueModel.swift */ = {isa = PBXFileReference; fileEncoding = 4; lastKnownFileType = sourcecode.swift; path = UserDefaultsKeyValueModel.swift; sourceTree = "<group>"; };
		19CFC67724AA36B7001B9DBB /* NetworkFlowModel.swift */ = {isa = PBXFileReference; fileEncoding = 4; lastKnownFileType = sourcecode.swift; path = NetworkFlowModel.swift; sourceTree = "<group>"; };
		19CFC67824AA36B7001B9DBB /* NetworkFlowDetailSectionModel.swift */ = {isa = PBXFileReference; fileEncoding = 4; lastKnownFileType = sourcecode.swift; path = NetworkFlowDetailSectionModel.swift; sourceTree = "<group>"; };
		19CFC67A24AA36B7001B9DBB /* BaseViewController.swift */ = {isa = PBXFileReference; fileEncoding = 4; lastKnownFileType = sourcecode.swift; path = BaseViewController.swift; sourceTree = "<group>"; };
		19CFC67B24AA36B7001B9DBB /* BaseTableViewController.swift */ = {isa = PBXFileReference; fileEncoding = 4; lastKnownFileType = sourcecode.swift; path = BaseTableViewController.swift; sourceTree = "<group>"; };
		19CFC67C24AA36B7001B9DBB /* SoldierListViewController.swift */ = {isa = PBXFileReference; fileEncoding = 4; lastKnownFileType = sourcecode.swift; path = SoldierListViewController.swift; sourceTree = "<group>"; };
		19CFC67D24AA36B7001B9DBB /* CaptainFloatingViewController.swift */ = {isa = PBXFileReference; fileEncoding = 4; lastKnownFileType = sourcecode.swift; path = CaptainFloatingViewController.swift; sourceTree = "<group>"; };
		19CFC67E24AA36B7001B9DBB /* CaptainFloatingWindow.swift */ = {isa = PBXFileReference; fileEncoding = 4; lastKnownFileType = sourcecode.swift; path = CaptainFloatingWindow.swift; sourceTree = "<group>"; };
		19CFC68024AA36B7001B9DBB /* FPSDashboardViewController.swift */ = {isa = PBXFileReference; fileEncoding = 4; lastKnownFileType = sourcecode.swift; path = FPSDashboardViewController.swift; sourceTree = "<group>"; };
		19CFC68224AA36B7001B9DBB /* AppInfoViewController.swift */ = {isa = PBXFileReference; fileEncoding = 4; lastKnownFileType = sourcecode.swift; path = AppInfoViewController.swift; sourceTree = "<group>"; };
		19CFC68324AA36B7001B9DBB /* Captain.swift */ = {isa = PBXFileReference; fileEncoding = 4; lastKnownFileType = sourcecode.swift; path = Captain.swift; sourceTree = "<group>"; };
		19CFC68624AA36B7001B9DBB /* UserDefaultsSoldier.swift */ = {isa = PBXFileReference; fileEncoding = 4; lastKnownFileType = sourcecode.swift; path = UserDefaultsSoldier.swift; sourceTree = "<group>"; };
		19CFC68824AA36B7001B9DBB /* ANRPingThread.swift */ = {isa = PBXFileReference; fileEncoding = 4; lastKnownFileType = sourcecode.swift; path = ANRPingThread.swift; sourceTree = "<group>"; };
		19CFC68924AA36B7001B9DBB /* ANRMonitor.swift */ = {isa = PBXFileReference; fileEncoding = 4; lastKnownFileType = sourcecode.swift; path = ANRMonitor.swift; sourceTree = "<group>"; };
		19CFC68A24AA36B7001B9DBB /* ANRSoldier.swift */ = {isa = PBXFileReference; fileEncoding = 4; lastKnownFileType = sourcecode.swift; path = ANRSoldier.swift; sourceTree = "<group>"; };
		19CFC68C24AA36B7001B9DBB /* MemoryMonitor.swift */ = {isa = PBXFileReference; fileEncoding = 4; lastKnownFileType = sourcecode.swift; path = MemoryMonitor.swift; sourceTree = "<group>"; };
		19CFC68D24AA36B7001B9DBB /* MemorySoldier.swift */ = {isa = PBXFileReference; fileEncoding = 4; lastKnownFileType = sourcecode.swift; path = MemorySoldier.swift; sourceTree = "<group>"; };
		19CFC68F24AA36B7001B9DBB /* CPUSoldier.swift */ = {isa = PBXFileReference; fileEncoding = 4; lastKnownFileType = sourcecode.swift; path = CPUSoldier.swift; sourceTree = "<group>"; };
		19CFC69024AA36B7001B9DBB /* CPUMonitor.swift */ = {isa = PBXFileReference; fileEncoding = 4; lastKnownFileType = sourcecode.swift; path = CPUMonitor.swift; sourceTree = "<group>"; };
		19CFC69224AA36B7001B9DBB /* SanboxBrowserSoldier.swift */ = {isa = PBXFileReference; fileEncoding = 4; lastKnownFileType = sourcecode.swift; path = SanboxBrowserSoldier.swift; sourceTree = "<group>"; };
		19CFC69424AA36B7001B9DBB /* CrashUncaughtExceptionHandler.swift */ = {isa = PBXFileReference; fileEncoding = 4; lastKnownFileType = sourcecode.swift; path = CrashUncaughtExceptionHandler.swift; sourceTree = "<group>"; };
		19CFC69524AA36B7001B9DBB /* CrashSoldier.swift */ = {isa = PBXFileReference; fileEncoding = 4; lastKnownFileType = sourcecode.swift; path = CrashSoldier.swift; sourceTree = "<group>"; };
		19CFC69624AA36B7001B9DBB /* CrashSignalExceptionHandler.swift */ = {isa = PBXFileReference; fileEncoding = 4; lastKnownFileType = sourcecode.swift; path = CrashSignalExceptionHandler.swift; sourceTree = "<group>"; };
		19CFC69824AA36B7001B9DBB /* WebsiteEntrySoldier.swift */ = {isa = PBXFileReference; fileEncoding = 4; lastKnownFileType = sourcecode.swift; path = WebsiteEntrySoldier.swift; sourceTree = "<group>"; };
		19CFC69A24AA36B7001B9DBB /* JXCaptainURLProtocol.swift */ = {isa = PBXFileReference; fileEncoding = 4; lastKnownFileType = sourcecode.swift; path = JXCaptainURLProtocol.swift; sourceTree = "<group>"; };
		19CFC69B24AA36B7001B9DBB /* NetworkObserverSoldier.swift */ = {isa = PBXFileReference; fileEncoding = 4; lastKnownFileType = sourcecode.swift; path = NetworkObserverSoldier.swift; sourceTree = "<group>"; };
		19CFC69D24AA36B7001B9DBB /* FPSSoldier.swift */ = {isa = PBXFileReference; fileEncoding = 4; lastKnownFileType = sourcecode.swift; path = FPSSoldier.swift; sourceTree = "<group>"; };
		19CFC69E24AA36B7001B9DBB /* FPSMonitor.swift */ = {isa = PBXFileReference; fileEncoding = 4; lastKnownFileType = sourcecode.swift; path = FPSMonitor.swift; sourceTree = "<group>"; };
		19CFC6A024AA36B7001B9DBB /* AppInfoSoldier.swift */ = {isa = PBXFileReference; fileEncoding = 4; lastKnownFileType = sourcecode.swift; path = AppInfoSoldier.swift; sourceTree = "<group>"; };
		19CFC6A124AA36B7001B9DBB /* AppInfoManager.swift */ = {isa = PBXFileReference; fileEncoding = 4; lastKnownFileType = sourcecode.swift; path = AppInfoManager.swift; sourceTree = "<group>"; };
		19CFC6A224AA36B7001B9DBB /* UserDefaults+Access.swift */ = {isa = PBXFileReference; fileEncoding = 4; lastKnownFileType = sourcecode.swift; path = "UserDefaults+Access.swift"; sourceTree = "<group>"; };
		19CFC6A524AA36B7001B9DBB /* NetworkManager.swift */ = {isa = PBXFileReference; fileEncoding = 4; lastKnownFileType = sourcecode.swift; path = NetworkManager.swift; sourceTree = "<group>"; };
		19CFC6A724AA36B7001B9DBB /* ANRFileManager.swift */ = {isa = PBXFileReference; fileEncoding = 4; lastKnownFileType = sourcecode.swift; path = ANRFileManager.swift; sourceTree = "<group>"; };
		19CFC6A824AA36B7001B9DBB /* SoldierFileManager.swift */ = {isa = PBXFileReference; fileEncoding = 4; lastKnownFileType = sourcecode.swift; path = SoldierFileManager.swift; sourceTree = "<group>"; };
		19CFC6A924AA36B7001B9DBB /* CrashFileManager.swift */ = {isa = PBXFileReference; fileEncoding = 4; lastKnownFileType = sourcecode.swift; path = CrashFileManager.swift; sourceTree = "<group>"; };
		19CFC6AB24AA36B7001B9DBB /* ImageManager.swift */ = {isa = PBXFileReference; fileEncoding = 4; lastKnownFileType = sourcecode.swift; path = ImageManager.swift; sourceTree = "<group>"; };
		19CFC6AC24AA36B7001B9DBB /* CaptainDefines.swift */ = {isa = PBXFileReference; fileEncoding = 4; lastKnownFileType = sourcecode.swift; path = CaptainDefines.swift; sourceTree = "<group>"; };
		19F8007B2497570F00A98C1F /* CustomDAO.swift */ = {isa = PBXFileReference; lastKnownFileType = sourcecode.swift; path = CustomDAO.swift; sourceTree = "<group>"; };
		38FD68C87A731E9037712163 /* Pods_Example.framework */ = {isa = PBXFileReference; explicitFileType = wrapper.framework; includeInIndex = 0; path = Pods_Example.framework; sourceTree = BUILT_PRODUCTS_DIR; };
		F4F23314EB699F7E1B04703A /* Pods-Example.release.xcconfig */ = {isa = PBXFileReference; includeInIndex = 1; lastKnownFileType = text.xcconfig; name = "Pods-Example.release.xcconfig"; path = "Target Support Files/Pods-Example/Pods-Example.release.xcconfig"; sourceTree = "<group>"; };
		F6FCCE68554163AC34C4BCDD /* Pods-Example.debug.xcconfig */ = {isa = PBXFileReference; includeInIndex = 1; lastKnownFileType = text.xcconfig; name = "Pods-Example.debug.xcconfig"; path = "Target Support Files/Pods-Example/Pods-Example.debug.xcconfig"; sourceTree = "<group>"; };
/* End PBXFileReference section */

/* Begin PBXFrameworksBuildPhase section */
		19886C192496475B00A8D28D /* Frameworks */ = {
			isa = PBXFrameworksBuildPhase;
			buildActionMask = 2147483647;
			files = (
				9EC6ECF047FB2B9A07E5588D /* Pods_Example.framework in Frameworks */,
			);
			runOnlyForDeploymentPostprocessing = 0;
		};
/* End PBXFrameworksBuildPhase section */

/* Begin PBXGroup section */
		19886C132496475B00A8D28D = {
			isa = PBXGroup;
			children = (
				19886C1E2496475B00A8D28D /* Example */,
				19886C1D2496475B00A8D28D /* Products */,
				CAB4E8C45876A1395C9EC593 /* Pods */,
				5ADF54C2C4EC44452DEEBF1A /* Frameworks */,
			);
			sourceTree = "<group>";
		};
		19886C1D2496475B00A8D28D /* Products */ = {
			isa = PBXGroup;
			children = (
				19886C1C2496475B00A8D28D /* Example.app */,
			);
			name = Products;
			sourceTree = "<group>";
		};
		19886C1E2496475B00A8D28D /* Example */ = {
			isa = PBXGroup;
			children = (
				19886C1F2496475B00A8D28D /* AppDelegate.swift */,
				19886C212496475B00A8D28D /* SceneDelegate.swift */,
				19886C232496475B00A8D28D /* ViewController.swift */,
				19CFC64E24AA36B6001B9DBB /* Sources */,
				19886CAC24964A3900A8D28D /* CustomModel.swift */,
				19F8007B2497570F00A98C1F /* CustomDAO.swift */,
				19886CAE24964B2E00A8D28D /* DQDateTransform.swift */,
				19886C252496475B00A8D28D /* Main.storyboard */,
				19886C282496475D00A8D28D /* Assets.xcassets */,
				19886C2A2496475D00A8D28D /* LaunchScreen.storyboard */,
				19886C2D2496475D00A8D28D /* Info.plist */,
			);
			path = Example;
			sourceTree = "<group>";
		};
		19CFC64E24AA36B6001B9DBB /* Sources */ = {
			isa = PBXGroup;
			children = (
				19CFC64F24AA36B6001B9DBB /* UI */,
				19CFC68324AA36B7001B9DBB /* Captain.swift */,
				19CFC68424AA36B7001B9DBB /* Soldiers */,
				19CFC6A224AA36B7001B9DBB /* UserDefaults+Access.swift */,
				19CFC6A324AA36B7001B9DBB /* Manager */,
				19CFC6AC24AA36B7001B9DBB /* CaptainDefines.swift */,
			);
			path = Sources;
			sourceTree = "<group>";
		};
		19CFC64F24AA36B6001B9DBB /* UI */ = {
			isa = PBXGroup;
			children = (
				19CFC65024AA36B6001B9DBB /* UserDefaults */,
				19CFC65324AA36B6001B9DBB /* ANR */,
				19CFC65624AA36B7001B9DBB /* Memory */,
				19CFC65824AA36B7001B9DBB /* CPU */,
				19CFC65A24AA36B7001B9DBB /* SanboxBrowser */,
				19CFC66224AA36B7001B9DBB /* Crash */,
				19CFC66524AA36B7001B9DBB /* WebsiteEntry */,
				19CFC66824AA36B7001B9DBB /* NetworkObserver */,
				19CFC66D24AA36B7001B9DBB /* Common */,
				19CFC67224AA36B7001B9DBB /* Model */,
				19CFC67924AA36B7001B9DBB /* Main */,
				19CFC67F24AA36B7001B9DBB /* FPS */,
				19CFC68124AA36B7001B9DBB /* AppInfo */,
			);
			path = UI;
			sourceTree = "<group>";
		};
		19CFC65024AA36B6001B9DBB /* UserDefaults */ = {
			isa = PBXGroup;
			children = (
				19CFC65124AA36B6001B9DBB /* UserDefaultsKeyValueDetailViewController.swift */,
				19CFC65224AA36B6001B9DBB /* UserDefaultsKeyValuesListViewController.swift */,
			);
			path = UserDefaults;
			sourceTree = "<group>";
		};
		19CFC65324AA36B6001B9DBB /* ANR */ = {
			isa = PBXGroup;
			children = (
				19CFC65424AA36B6001B9DBB /* ANRListViewController.swift */,
				19CFC65524AA36B6001B9DBB /* ANRDashboardViewController.swift */,
			);
			path = ANR;
			sourceTree = "<group>";
		};
		19CFC65624AA36B7001B9DBB /* Memory */ = {
			isa = PBXGroup;
			children = (
				19CFC65724AA36B7001B9DBB /* MemoryDashboardViewController.swift */,
			);
			path = Memory;
			sourceTree = "<group>";
		};
		19CFC65824AA36B7001B9DBB /* CPU */ = {
			isa = PBXGroup;
			children = (
				19CFC65924AA36B7001B9DBB /* CPUDashboardViewController.swift */,
			);
			path = CPU;
			sourceTree = "<group>";
		};
		19CFC65A24AA36B7001B9DBB /* SanboxBrowser */ = {
			isa = PBXGroup;
			children = (
				19CFC65B24AA36B7001B9DBB /* JXDatabaseConnector.swift */,
				19CFC65C24AA36B7001B9DBB /* ExcelView.swift */,
				19CFC65D24AA36B7001B9DBB /* JXTableListViewController.swift */,
				19CFC65E24AA36B7001B9DBB /* JXFileBrowserController.swift */,
				19CFC65F24AA36B7001B9DBB /* JXTextPreviewViewController.swift */,
				19CFC66024AA36B7001B9DBB /* JXFilePreviewViewController.swift */,
				19CFC66124AA36B7001B9DBB /* JXTableContentViewController.swift */,
			);
			path = SanboxBrowser;
			sourceTree = "<group>";
		};
		19CFC66224AA36B7001B9DBB /* Crash */ = {
			isa = PBXGroup;
			children = (
				19CFC66324AA36B7001B9DBB /* CrashListViewController.swift */,
				19CFC66424AA36B7001B9DBB /* CrashDashboardViewController.swift */,
			);
			path = Crash;
			sourceTree = "<group>";
		};
		19CFC66524AA36B7001B9DBB /* WebsiteEntry */ = {
			isa = PBXGroup;
			children = (
				19CFC66624AA36B7001B9DBB /* WebsiteEntryViewController.swift */,
				19CFC66724AA36B7001B9DBB /* WebDetailViewController.swift */,
			);
			path = WebsiteEntry;
			sourceTree = "<group>";
		};
		19CFC66824AA36B7001B9DBB /* NetworkObserver */ = {
			isa = PBXGroup;
			children = (
				19CFC66924AA36B7001B9DBB /* NetworkFlowListViewController.swift */,
				19CFC66A24AA36B7001B9DBB /* NetworkFlowResponseDataDetailViewController.swift */,
				19CFC66B24AA36B7001B9DBB /* NetworkFlowDetailViewController.swift */,
				19CFC66C24AA36B7001B9DBB /* NetworkObserverDashboardViewController.swift */,
			);
			path = NetworkObserver;
			sourceTree = "<group>";
		};
		19CFC66D24AA36B7001B9DBB /* Common */ = {
			isa = PBXGroup;
			children = (
				19CFC66E24AA36B7001B9DBB /* FileListViewController.swift */,
				19CFC66F24AA36B7001B9DBB /* DashboardCell.swift */,
				19CFC67024AA36B7001B9DBB /* MonitorListWindow.swift */,
				19CFC67124AA36B7001B9DBB /* MonitorConsoleLabel.swift */,
			);
			path = Common;
			sourceTree = "<group>";
		};
		19CFC67224AA36B7001B9DBB /* Model */ = {
			isa = PBXGroup;
			children = (
				19CFC67324AA36B7001B9DBB /* SanboxModel.swift */,
				19CFC67424AA36B7001B9DBB /* NetworkFlowDetailCellModel.swift */,
				19CFC67524AA36B7001B9DBB /* SoldierListSectionModel.swift */,
				19CFC67624AA36B7001B9DBB /* UserDefaultsKeyValueModel.swift */,
				19CFC67724AA36B7001B9DBB /* NetworkFlowModel.swift */,
				19CFC67824AA36B7001B9DBB /* NetworkFlowDetailSectionModel.swift */,
			);
			path = Model;
			sourceTree = "<group>";
		};
		19CFC67924AA36B7001B9DBB /* Main */ = {
			isa = PBXGroup;
			children = (
				19CFC67A24AA36B7001B9DBB /* BaseViewController.swift */,
				19CFC67B24AA36B7001B9DBB /* BaseTableViewController.swift */,
				19CFC67C24AA36B7001B9DBB /* SoldierListViewController.swift */,
				19CFC67D24AA36B7001B9DBB /* CaptainFloatingViewController.swift */,
				19CFC67E24AA36B7001B9DBB /* CaptainFloatingWindow.swift */,
			);
			path = Main;
			sourceTree = "<group>";
		};
		19CFC67F24AA36B7001B9DBB /* FPS */ = {
			isa = PBXGroup;
			children = (
				19CFC68024AA36B7001B9DBB /* FPSDashboardViewController.swift */,
			);
			path = FPS;
			sourceTree = "<group>";
		};
		19CFC68124AA36B7001B9DBB /* AppInfo */ = {
			isa = PBXGroup;
			children = (
				19CFC68224AA36B7001B9DBB /* AppInfoViewController.swift */,
			);
			path = AppInfo;
			sourceTree = "<group>";
		};
		19CFC68424AA36B7001B9DBB /* Soldiers */ = {
			isa = PBXGroup;
			children = (
				19CFC68524AA36B7001B9DBB /* UserDefaults */,
				19CFC68724AA36B7001B9DBB /* ANR */,
				19CFC68B24AA36B7001B9DBB /* Memory */,
				19CFC68E24AA36B7001B9DBB /* CPU */,
				19CFC69124AA36B7001B9DBB /* SanboxBrowser */,
				19CFC69324AA36B7001B9DBB /* Crash */,
				19CFC69724AA36B7001B9DBB /* WebsiteEntry */,
				19CFC69924AA36B7001B9DBB /* NetworkObserver */,
				19CFC69C24AA36B7001B9DBB /* FPS */,
				19CFC69F24AA36B7001B9DBB /* AppInfo */,
			);
			path = Soldiers;
			sourceTree = "<group>";
		};
		19CFC68524AA36B7001B9DBB /* UserDefaults */ = {
			isa = PBXGroup;
			children = (
				19CFC68624AA36B7001B9DBB /* UserDefaultsSoldier.swift */,
			);
			path = UserDefaults;
			sourceTree = "<group>";
		};
		19CFC68724AA36B7001B9DBB /* ANR */ = {
			isa = PBXGroup;
			children = (
				19CFC68824AA36B7001B9DBB /* ANRPingThread.swift */,
				19CFC68924AA36B7001B9DBB /* ANRMonitor.swift */,
				19CFC68A24AA36B7001B9DBB /* ANRSoldier.swift */,
			);
			path = ANR;
			sourceTree = "<group>";
		};
		19CFC68B24AA36B7001B9DBB /* Memory */ = {
			isa = PBXGroup;
			children = (
				19CFC68C24AA36B7001B9DBB /* MemoryMonitor.swift */,
				19CFC68D24AA36B7001B9DBB /* MemorySoldier.swift */,
			);
			path = Memory;
			sourceTree = "<group>";
		};
		19CFC68E24AA36B7001B9DBB /* CPU */ = {
			isa = PBXGroup;
			children = (
				19CFC68F24AA36B7001B9DBB /* CPUSoldier.swift */,
				19CFC69024AA36B7001B9DBB /* CPUMonitor.swift */,
			);
			path = CPU;
			sourceTree = "<group>";
		};
		19CFC69124AA36B7001B9DBB /* SanboxBrowser */ = {
			isa = PBXGroup;
			children = (
				19CFC69224AA36B7001B9DBB /* SanboxBrowserSoldier.swift */,
			);
			path = SanboxBrowser;
			sourceTree = "<group>";
		};
		19CFC69324AA36B7001B9DBB /* Crash */ = {
			isa = PBXGroup;
			children = (
				19CFC69424AA36B7001B9DBB /* CrashUncaughtExceptionHandler.swift */,
				19CFC69524AA36B7001B9DBB /* CrashSoldier.swift */,
				19CFC69624AA36B7001B9DBB /* CrashSignalExceptionHandler.swift */,
			);
			path = Crash;
			sourceTree = "<group>";
		};
		19CFC69724AA36B7001B9DBB /* WebsiteEntry */ = {
			isa = PBXGroup;
			children = (
				19CFC69824AA36B7001B9DBB /* WebsiteEntrySoldier.swift */,
			);
			path = WebsiteEntry;
			sourceTree = "<group>";
		};
		19CFC69924AA36B7001B9DBB /* NetworkObserver */ = {
			isa = PBXGroup;
			children = (
				19CFC69A24AA36B7001B9DBB /* JXCaptainURLProtocol.swift */,
				19CFC69B24AA36B7001B9DBB /* NetworkObserverSoldier.swift */,
			);
			path = NetworkObserver;
			sourceTree = "<group>";
		};
		19CFC69C24AA36B7001B9DBB /* FPS */ = {
			isa = PBXGroup;
			children = (
				19CFC69D24AA36B7001B9DBB /* FPSSoldier.swift */,
				19CFC69E24AA36B7001B9DBB /* FPSMonitor.swift */,
			);
			path = FPS;
			sourceTree = "<group>";
		};
		19CFC69F24AA36B7001B9DBB /* AppInfo */ = {
			isa = PBXGroup;
			children = (
				19CFC6A024AA36B7001B9DBB /* AppInfoSoldier.swift */,
				19CFC6A124AA36B7001B9DBB /* AppInfoManager.swift */,
			);
			path = AppInfo;
			sourceTree = "<group>";
		};
		19CFC6A324AA36B7001B9DBB /* Manager */ = {
			isa = PBXGroup;
			children = (
				19CFC6A424AA36B7001B9DBB /* NetworkManager */,
				19CFC6A624AA36B7001B9DBB /* File */,
				19CFC6AA24AA36B7001B9DBB /* Image */,
			);
			path = Manager;
			sourceTree = "<group>";
		};
		19CFC6A424AA36B7001B9DBB /* NetworkManager */ = {
			isa = PBXGroup;
			children = (
				19CFC6A524AA36B7001B9DBB /* NetworkManager.swift */,
			);
			path = NetworkManager;
			sourceTree = "<group>";
		};
		19CFC6A624AA36B7001B9DBB /* File */ = {
			isa = PBXGroup;
			children = (
				19CFC6A724AA36B7001B9DBB /* ANRFileManager.swift */,
				19CFC6A824AA36B7001B9DBB /* SoldierFileManager.swift */,
				19CFC6A924AA36B7001B9DBB /* CrashFileManager.swift */,
			);
			path = File;
			sourceTree = "<group>";
		};
		19CFC6AA24AA36B7001B9DBB /* Image */ = {
			isa = PBXGroup;
			children = (
				19CFC6AB24AA36B7001B9DBB /* ImageManager.swift */,
			);
			path = Image;
			sourceTree = "<group>";
		};
		5ADF54C2C4EC44452DEEBF1A /* Frameworks */ = {
			isa = PBXGroup;
			children = (
				38FD68C87A731E9037712163 /* Pods_Example.framework */,
			);
			name = Frameworks;
			sourceTree = "<group>";
		};
		CAB4E8C45876A1395C9EC593 /* Pods */ = {
			isa = PBXGroup;
			children = (
				F6FCCE68554163AC34C4BCDD /* Pods-Example.debug.xcconfig */,
				F4F23314EB699F7E1B04703A /* Pods-Example.release.xcconfig */,
			);
			path = Pods;
			sourceTree = "<group>";
		};
/* End PBXGroup section */

/* Begin PBXNativeTarget section */
		19886C1B2496475B00A8D28D /* Example */ = {
			isa = PBXNativeTarget;
			buildConfigurationList = 19886C302496475D00A8D28D /* Build configuration list for PBXNativeTarget "Example" */;
			buildPhases = (
				2296DA9E58E7F83F341DF431 /* [CP] Check Pods Manifest.lock */,
				19886C182496475B00A8D28D /* Sources */,
				19886C192496475B00A8D28D /* Frameworks */,
				19886C1A2496475B00A8D28D /* Resources */,
				A69C449CDBA9265842A919DA /* [CP] Embed Pods Frameworks */,
			);
			buildRules = (
			);
			dependencies = (
			);
			name = Example;
			productName = Example;
			productReference = 19886C1C2496475B00A8D28D /* Example.app */;
			productType = "com.apple.product-type.application";
		};
/* End PBXNativeTarget section */

/* Begin PBXProject section */
		19886C142496475B00A8D28D /* Project object */ = {
			isa = PBXProject;
			attributes = {
				LastSwiftUpdateCheck = 1130;
				LastUpgradeCheck = 1130;
				ORGANIZATIONNAME = jiaxin;
				TargetAttributes = {
					19886C1B2496475B00A8D28D = {
						CreatedOnToolsVersion = 11.3.1;
					};
				};
			};
			buildConfigurationList = 19886C172496475B00A8D28D /* Build configuration list for PBXProject "Example" */;
			compatibilityVersion = "Xcode 9.3";
			developmentRegion = en;
			hasScannedForEncodings = 0;
			knownRegions = (
				en,
				Base,
			);
			mainGroup = 19886C132496475B00A8D28D;
			productRefGroup = 19886C1D2496475B00A8D28D /* Products */;
			projectDirPath = "";
			projectRoot = "";
			targets = (
				19886C1B2496475B00A8D28D /* Example */,
			);
		};
/* End PBXProject section */

/* Begin PBXResourcesBuildPhase section */
		19886C1A2496475B00A8D28D /* Resources */ = {
			isa = PBXResourcesBuildPhase;
			buildActionMask = 2147483647;
			files = (
				19886C2C2496475D00A8D28D /* LaunchScreen.storyboard in Resources */,
				19886C292496475D00A8D28D /* Assets.xcassets in Resources */,
				19886C272496475B00A8D28D /* Main.storyboard in Resources */,
			);
			runOnlyForDeploymentPostprocessing = 0;
		};
/* End PBXResourcesBuildPhase section */

/* Begin PBXShellScriptBuildPhase section */
		2296DA9E58E7F83F341DF431 /* [CP] Check Pods Manifest.lock */ = {
			isa = PBXShellScriptBuildPhase;
			buildActionMask = 2147483647;
			files = (
			);
			inputFileListPaths = (
			);
			inputPaths = (
				"${PODS_PODFILE_DIR_PATH}/Podfile.lock",
				"${PODS_ROOT}/Manifest.lock",
			);
			name = "[CP] Check Pods Manifest.lock";
			outputFileListPaths = (
			);
			outputPaths = (
				"$(DERIVED_FILE_DIR)/Pods-Example-checkManifestLockResult.txt",
			);
			runOnlyForDeploymentPostprocessing = 0;
			shellPath = /bin/sh;
			shellScript = "diff \"${PODS_PODFILE_DIR_PATH}/Podfile.lock\" \"${PODS_ROOT}/Manifest.lock\" > /dev/null\nif [ $? != 0 ] ; then\n    # print error to STDERR\n    echo \"error: The sandbox is not in sync with the Podfile.lock. Run 'pod install' or update your CocoaPods installation.\" >&2\n    exit 1\nfi\n# This output is used by Xcode 'outputs' to avoid re-running this script phase.\necho \"SUCCESS\" > \"${SCRIPT_OUTPUT_FILE_0}\"\n";
			showEnvVarsInLog = 0;
		};
		A69C449CDBA9265842A919DA /* [CP] Embed Pods Frameworks */ = {
			isa = PBXShellScriptBuildPhase;
			buildActionMask = 2147483647;
			files = (
			);
			inputFileListPaths = (
				"${PODS_ROOT}/Target Support Files/Pods-Example/Pods-Example-frameworks-${CONFIGURATION}-input-files.xcfilelist",
			);
			name = "[CP] Embed Pods Frameworks";
			outputFileListPaths = (
				"${PODS_ROOT}/Target Support Files/Pods-Example/Pods-Example-frameworks-${CONFIGURATION}-output-files.xcfilelist",
			);
			runOnlyForDeploymentPostprocessing = 0;
			shellPath = /bin/sh;
			shellScript = "\"${PODS_ROOT}/Target Support Files/Pods-Example/Pods-Example-frameworks.sh\"\n";
			showEnvVarsInLog = 0;
		};
/* End PBXShellScriptBuildPhase section */

/* Begin PBXSourcesBuildPhase section */
		19886C182496475B00A8D28D /* Sources */ = {
			isa = PBXSourcesBuildPhase;
			buildActionMask = 2147483647;
			files = (
				19CFC6C124AA36B7001B9DBB /* NetworkObserverDashboardViewController.swift in Sources */,
				19CFC6CB24AA36B7001B9DBB /* NetworkFlowDetailSectionModel.swift in Sources */,
				19CFC6CD24AA36B7001B9DBB /* BaseTableViewController.swift in Sources */,
				19CFC6B624AA36B7001B9DBB /* JXFileBrowserController.swift in Sources */,
				19CFC6BF24AA36B7001B9DBB /* NetworkFlowResponseDataDetailViewController.swift in Sources */,
				19CFC6D524AA36B7001B9DBB /* ANRPingThread.swift in Sources */,
				19CFC6CA24AA36B7001B9DBB /* NetworkFlowModel.swift in Sources */,
				19CFC6E924AA36B7001B9DBB /* ANRFileManager.swift in Sources */,
				19CFC6B924AA36B7001B9DBB /* JXTableContentViewController.swift in Sources */,
				19CFC6E824AA36B7001B9DBB /* NetworkManager.swift in Sources */,
				19CFC6DF24AA36B7001B9DBB /* CrashSignalExceptionHandler.swift in Sources */,
				19CFC6C624AA36B7001B9DBB /* SanboxModel.swift in Sources */,
				19CFC6AD24AA36B7001B9DBB /* UserDefaultsKeyValueDetailViewController.swift in Sources */,
				19CFC6ED24AA36B7001B9DBB /* CaptainDefines.swift in Sources */,
				19CFC6EC24AA36B7001B9DBB /* ImageManager.swift in Sources */,
				19CFC6B724AA36B7001B9DBB /* JXTextPreviewViewController.swift in Sources */,
				19CFC6D324AA36B7001B9DBB /* Captain.swift in Sources */,
				19CFC6C824AA36B7001B9DBB /* SoldierListSectionModel.swift in Sources */,
				19CFC6AE24AA36B7001B9DBB /* UserDefaultsKeyValuesListViewController.swift in Sources */,
				19CFC6EA24AA36B7001B9DBB /* SoldierFileManager.swift in Sources */,
				19CFC6AF24AA36B7001B9DBB /* ANRListViewController.swift in Sources */,
				19886CAF24964B2E00A8D28D /* DQDateTransform.swift in Sources */,
				19CFC6C224AA36B7001B9DBB /* FileListViewController.swift in Sources */,
				19CFC6E624AA36B7001B9DBB /* AppInfoManager.swift in Sources */,
				19CFC6DC24AA36B7001B9DBB /* SanboxBrowserSoldier.swift in Sources */,
				19CFC6C324AA36B7001B9DBB /* DashboardCell.swift in Sources */,
				19CFC6DA24AA36B7001B9DBB /* CPUSoldier.swift in Sources */,
				19886CAD24964A3900A8D28D /* CustomModel.swift in Sources */,
				19CFC6BD24AA36B7001B9DBB /* WebDetailViewController.swift in Sources */,
				19886C242496475B00A8D28D /* ViewController.swift in Sources */,
				19CFC6D624AA36B7001B9DBB /* ANRMonitor.swift in Sources */,
				19CFC6DE24AA36B7001B9DBB /* CrashSoldier.swift in Sources */,
				19CFC6B324AA36B7001B9DBB /* JXDatabaseConnector.swift in Sources */,
				19CFC6C524AA36B7001B9DBB /* MonitorConsoleLabel.swift in Sources */,
				19CFC6CE24AA36B7001B9DBB /* SoldierListViewController.swift in Sources */,
				19F8007C2497570F00A98C1F /* CustomDAO.swift in Sources */,
				19CFC6C724AA36B7001B9DBB /* NetworkFlowDetailCellModel.swift in Sources */,
				19CFC6BA24AA36B7001B9DBB /* CrashListViewController.swift in Sources */,
				19CFC6DB24AA36B7001B9DBB /* CPUMonitor.swift in Sources */,
				19CFC6D224AA36B7001B9DBB /* AppInfoViewController.swift in Sources */,
				19CFC6D924AA36B7001B9DBB /* MemorySoldier.swift in Sources */,
				19CFC6B824AA36B7001B9DBB /* JXFilePreviewViewController.swift in Sources */,
				19CFC6D724AA36B7001B9DBB /* ANRSoldier.swift in Sources */,
				19CFC6E424AA36B7001B9DBB /* FPSMonitor.swift in Sources */,
				19886C202496475B00A8D28D /* AppDelegate.swift in Sources */,
				19CFC6EB24AA36B7001B9DBB /* CrashFileManager.swift in Sources */,
				19CFC6E324AA36B7001B9DBB /* FPSSoldier.swift in Sources */,
				19CFC6B024AA36B7001B9DBB /* ANRDashboardViewController.swift in Sources */,
				19CFC6CC24AA36B7001B9DBB /* BaseViewController.swift in Sources */,
				19CFC6D124AA36B7001B9DBB /* FPSDashboardViewController.swift in Sources */,
				19CFC6B224AA36B7001B9DBB /* CPUDashboardViewController.swift in Sources */,
				19CFC6E224AA36B7001B9DBB /* NetworkObserverSoldier.swift in Sources */,
				19CFC6E524AA36B7001B9DBB /* AppInfoSoldier.swift in Sources */,
				19CFC6B124AA36B7001B9DBB /* MemoryDashboardViewController.swift in Sources */,
				19CFC6E124AA36B7001B9DBB /* JXCaptainURLProtocol.swift in Sources */,
				19CFC6BC24AA36B7001B9DBB /* WebsiteEntryViewController.swift in Sources */,
				19CFC6D824AA36B7001B9DBB /* MemoryMonitor.swift in Sources */,
				19CFC6D024AA36B7001B9DBB /* CaptainFloatingWindow.swift in Sources */,
				19CFC6C024AA36B7001B9DBB /* NetworkFlowDetailViewController.swift in Sources */,
				19CFC6E724AA36B7001B9DBB /* UserDefaults+Access.swift in Sources */,
				19886C222496475B00A8D28D /* SceneDelegate.swift in Sources */,
				19CFC6C424AA36B7001B9DBB /* MonitorListWindow.swift in Sources */,
				19CFC6E024AA36B7001B9DBB /* WebsiteEntrySoldier.swift in Sources */,
				19CFC6B424AA36B7001B9DBB /* ExcelView.swift in Sources */,
				19CFC6CF24AA36B7001B9DBB /* CaptainFloatingViewController.swift in Sources */,
				19CFC6C924AA36B7001B9DBB /* UserDefaultsKeyValueModel.swift in Sources */,
				19CFC6DD24AA36B7001B9DBB /* CrashUncaughtExceptionHandler.swift in Sources */,
				19CFC6B524AA36B7001B9DBB /* JXTableListViewController.swift in Sources */,
				19CFC6BB24AA36B7001B9DBB /* CrashDashboardViewController.swift in Sources */,
				19CFC6D424AA36B7001B9DBB /* UserDefaultsSoldier.swift in Sources */,
				19CFC6BE24AA36B7001B9DBB /* NetworkFlowListViewController.swift in Sources */,
			);
			runOnlyForDeploymentPostprocessing = 0;
		};
/* End PBXSourcesBuildPhase section */

/* Begin PBXVariantGroup section */
		19886C252496475B00A8D28D /* Main.storyboard */ = {
			isa = PBXVariantGroup;
			children = (
				19886C262496475B00A8D28D /* Base */,
			);
			name = Main.storyboard;
			sourceTree = "<group>";
		};
		19886C2A2496475D00A8D28D /* LaunchScreen.storyboard */ = {
			isa = PBXVariantGroup;
			children = (
				19886C2B2496475D00A8D28D /* Base */,
			);
			name = LaunchScreen.storyboard;
			sourceTree = "<group>";
		};
/* End PBXVariantGroup section */

/* Begin XCBuildConfiguration section */
		19886C2E2496475D00A8D28D /* Debug */ = {
			isa = XCBuildConfiguration;
			buildSettings = {
				ALWAYS_SEARCH_USER_PATHS = NO;
				CLANG_ANALYZER_NONNULL = YES;
				CLANG_ANALYZER_NUMBER_OBJECT_CONVERSION = YES_AGGRESSIVE;
				CLANG_CXX_LANGUAGE_STANDARD = "gnu++14";
				CLANG_CXX_LIBRARY = "libc++";
				CLANG_ENABLE_MODULES = YES;
				CLANG_ENABLE_OBJC_ARC = YES;
				CLANG_ENABLE_OBJC_WEAK = YES;
				CLANG_WARN_BLOCK_CAPTURE_AUTORELEASING = YES;
				CLANG_WARN_BOOL_CONVERSION = YES;
				CLANG_WARN_COMMA = YES;
				CLANG_WARN_CONSTANT_CONVERSION = YES;
				CLANG_WARN_DEPRECATED_OBJC_IMPLEMENTATIONS = YES;
				CLANG_WARN_DIRECT_OBJC_ISA_USAGE = YES_ERROR;
				CLANG_WARN_DOCUMENTATION_COMMENTS = YES;
				CLANG_WARN_EMPTY_BODY = YES;
				CLANG_WARN_ENUM_CONVERSION = YES;
				CLANG_WARN_INFINITE_RECURSION = YES;
				CLANG_WARN_INT_CONVERSION = YES;
				CLANG_WARN_NON_LITERAL_NULL_CONVERSION = YES;
				CLANG_WARN_OBJC_IMPLICIT_RETAIN_SELF = YES;
				CLANG_WARN_OBJC_LITERAL_CONVERSION = YES;
				CLANG_WARN_OBJC_ROOT_CLASS = YES_ERROR;
				CLANG_WARN_RANGE_LOOP_ANALYSIS = YES;
				CLANG_WARN_STRICT_PROTOTYPES = YES;
				CLANG_WARN_SUSPICIOUS_MOVE = YES;
				CLANG_WARN_UNGUARDED_AVAILABILITY = YES_AGGRESSIVE;
				CLANG_WARN_UNREACHABLE_CODE = YES;
				CLANG_WARN__DUPLICATE_METHOD_MATCH = YES;
				COPY_PHASE_STRIP = NO;
				DEBUG_INFORMATION_FORMAT = dwarf;
				ENABLE_STRICT_OBJC_MSGSEND = YES;
				ENABLE_TESTABILITY = YES;
				GCC_C_LANGUAGE_STANDARD = gnu11;
				GCC_DYNAMIC_NO_PIC = NO;
				GCC_NO_COMMON_BLOCKS = YES;
				GCC_OPTIMIZATION_LEVEL = 0;
				GCC_PREPROCESSOR_DEFINITIONS = (
					"DEBUG=1",
					"$(inherited)",
				);
				GCC_WARN_64_TO_32_BIT_CONVERSION = YES;
				GCC_WARN_ABOUT_RETURN_TYPE = YES_ERROR;
				GCC_WARN_UNDECLARED_SELECTOR = YES;
				GCC_WARN_UNINITIALIZED_AUTOS = YES_AGGRESSIVE;
				GCC_WARN_UNUSED_FUNCTION = YES;
				GCC_WARN_UNUSED_VARIABLE = YES;
				IPHONEOS_DEPLOYMENT_TARGET = 9.0;
				MTL_ENABLE_DEBUG_INFO = INCLUDE_SOURCE;
				MTL_FAST_MATH = YES;
				ONLY_ACTIVE_ARCH = YES;
				SDKROOT = iphoneos;
				SWIFT_ACTIVE_COMPILATION_CONDITIONS = DEBUG;
				SWIFT_OPTIMIZATION_LEVEL = "-Onone";
			};
			name = Debug;
		};
		19886C2F2496475D00A8D28D /* Release */ = {
			isa = XCBuildConfiguration;
			buildSettings = {
				ALWAYS_SEARCH_USER_PATHS = NO;
				CLANG_ANALYZER_NONNULL = YES;
				CLANG_ANALYZER_NUMBER_OBJECT_CONVERSION = YES_AGGRESSIVE;
				CLANG_CXX_LANGUAGE_STANDARD = "gnu++14";
				CLANG_CXX_LIBRARY = "libc++";
				CLANG_ENABLE_MODULES = YES;
				CLANG_ENABLE_OBJC_ARC = YES;
				CLANG_ENABLE_OBJC_WEAK = YES;
				CLANG_WARN_BLOCK_CAPTURE_AUTORELEASING = YES;
				CLANG_WARN_BOOL_CONVERSION = YES;
				CLANG_WARN_COMMA = YES;
				CLANG_WARN_CONSTANT_CONVERSION = YES;
				CLANG_WARN_DEPRECATED_OBJC_IMPLEMENTATIONS = YES;
				CLANG_WARN_DIRECT_OBJC_ISA_USAGE = YES_ERROR;
				CLANG_WARN_DOCUMENTATION_COMMENTS = YES;
				CLANG_WARN_EMPTY_BODY = YES;
				CLANG_WARN_ENUM_CONVERSION = YES;
				CLANG_WARN_INFINITE_RECURSION = YES;
				CLANG_WARN_INT_CONVERSION = YES;
				CLANG_WARN_NON_LITERAL_NULL_CONVERSION = YES;
				CLANG_WARN_OBJC_IMPLICIT_RETAIN_SELF = YES;
				CLANG_WARN_OBJC_LITERAL_CONVERSION = YES;
				CLANG_WARN_OBJC_ROOT_CLASS = YES_ERROR;
				CLANG_WARN_RANGE_LOOP_ANALYSIS = YES;
				CLANG_WARN_STRICT_PROTOTYPES = YES;
				CLANG_WARN_SUSPICIOUS_MOVE = YES;
				CLANG_WARN_UNGUARDED_AVAILABILITY = YES_AGGRESSIVE;
				CLANG_WARN_UNREACHABLE_CODE = YES;
				CLANG_WARN__DUPLICATE_METHOD_MATCH = YES;
				COPY_PHASE_STRIP = NO;
				DEBUG_INFORMATION_FORMAT = "dwarf-with-dsym";
				ENABLE_NS_ASSERTIONS = NO;
				ENABLE_STRICT_OBJC_MSGSEND = YES;
				GCC_C_LANGUAGE_STANDARD = gnu11;
				GCC_NO_COMMON_BLOCKS = YES;
				GCC_WARN_64_TO_32_BIT_CONVERSION = YES;
				GCC_WARN_ABOUT_RETURN_TYPE = YES_ERROR;
				GCC_WARN_UNDECLARED_SELECTOR = YES;
				GCC_WARN_UNINITIALIZED_AUTOS = YES_AGGRESSIVE;
				GCC_WARN_UNUSED_FUNCTION = YES;
				GCC_WARN_UNUSED_VARIABLE = YES;
				IPHONEOS_DEPLOYMENT_TARGET = 9.0;
				MTL_ENABLE_DEBUG_INFO = NO;
				MTL_FAST_MATH = YES;
				SDKROOT = iphoneos;
				SWIFT_COMPILATION_MODE = wholemodule;
				SWIFT_OPTIMIZATION_LEVEL = "-O";
				VALIDATE_PRODUCT = YES;
			};
			name = Release;
		};
		19886C312496475D00A8D28D /* Debug */ = {
			isa = XCBuildConfiguration;
			baseConfigurationReference = F6FCCE68554163AC34C4BCDD /* Pods-Example.debug.xcconfig */;
			buildSettings = {
				ASSETCATALOG_COMPILER_APPICON_NAME = AppIcon;
				CODE_SIGN_STYLE = Automatic;
				INFOPLIST_FILE = Example/Info.plist;
				IPHONEOS_DEPLOYMENT_TARGET = 9.0;
				LD_RUNPATH_SEARCH_PATHS = (
					"$(inherited)",
					"@executable_path/Frameworks",
				);
				PRODUCT_BUNDLE_IDENTIFIER = jiaxin.Example;
				PRODUCT_NAME = "$(TARGET_NAME)";
				SWIFT_VERSION = 5.0;
				TARGETED_DEVICE_FAMILY = "1,2";
			};
			name = Debug;
		};
		19886C322496475D00A8D28D /* Release */ = {
			isa = XCBuildConfiguration;
			baseConfigurationReference = F4F23314EB699F7E1B04703A /* Pods-Example.release.xcconfig */;
			buildSettings = {
				ASSETCATALOG_COMPILER_APPICON_NAME = AppIcon;
				CODE_SIGN_STYLE = Automatic;
				INFOPLIST_FILE = Example/Info.plist;
				IPHONEOS_DEPLOYMENT_TARGET = 9.0;
				LD_RUNPATH_SEARCH_PATHS = (
					"$(inherited)",
					"@executable_path/Frameworks",
				);
				PRODUCT_BUNDLE_IDENTIFIER = jiaxin.Example;
				PRODUCT_NAME = "$(TARGET_NAME)";
				SWIFT_VERSION = 5.0;
				TARGETED_DEVICE_FAMILY = "1,2";
			};
			name = Release;
		};
/* End XCBuildConfiguration section */

/* Begin XCConfigurationList section */
		19886C172496475B00A8D28D /* Build configuration list for PBXProject "Example" */ = {
			isa = XCConfigurationList;
			buildConfigurations = (
				19886C2E2496475D00A8D28D /* Debug */,
				19886C2F2496475D00A8D28D /* Release */,
			);
			defaultConfigurationIsVisible = 0;
			defaultConfigurationName = Release;
		};
		19886C302496475D00A8D28D /* Build configuration list for PBXNativeTarget "Example" */ = {
			isa = XCConfigurationList;
			buildConfigurations = (
				19886C312496475D00A8D28D /* Debug */,
				19886C322496475D00A8D28D /* Release */,
			);
			defaultConfigurationIsVisible = 0;
			defaultConfigurationName = Release;
		};
/* End XCConfigurationList section */
	};
	rootObject = 19886C142496475B00A8D28D /* Project object */;
}
