// !$*UTF8*$!
{
	archiveVersion = 1;
	classes = {
	};
	objectVersion = 51;
	objects = {

/* Begin PBXBuildFile section */
		19886C202496475B00A8D28D /* AppDelegate.swift in Sources */ = {isa = PBXBuildFile; fileRef = 19886C1F2496475B00A8D28D /* AppDelegate.swift */; };
		19886C242496475B00A8D28D /* ViewController.swift in Sources */ = {isa = PBXBuildFile; fileRef = 19886C232496475B00A8D28D /* ViewController.swift */; };
		19886C272496475B00A8D28D /* Main.storyboard in Resources */ = {isa = PBXBuildFile; fileRef = 19886C252496475B00A8D28D /* Main.storyboard */; };
		19886C292496475D00A8D28D /* Assets.xcassets in Resources */ = {isa = PBXBuildFile; fileRef = 19886C282496475D00A8D28D /* Assets.xcassets */; };
		19886C2C2496475D00A8D28D /* LaunchScreen.storyboard in Resources */ = {isa = PBXBuildFile; fileRef = 19886C2A2496475D00A8D28D /* LaunchScreen.storyboard */; };
		19886CAD24964A3900A8D28D /* CustomModel.swift in Sources */ = {isa = PBXBuildFile; fileRef = 19886CAC24964A3900A8D28D /* CustomModel.swift */; };
		19886CAF24964B2E00A8D28D /* DateTransform.swift in Sources */ = {isa = PBXBuildFile; fileRef = 19886CAE24964B2E00A8D28D /* DateTransform.swift */; };
		19EF104424AD8CDE0090A58D /* CustomModel+DAO.swift in Sources */ = {isa = PBXBuildFile; fileRef = 19EF104324AD8CDE0090A58D /* CustomModel+DAO.swift */; };
		19F8007C2497570F00A98C1F /* CustomDAO.swift in Sources */ = {isa = PBXBuildFile; fileRef = 19F8007B2497570F00A98C1F /* CustomDAO.swift */; };
		9EC6ECF047FB2B9A07E5588D /* Pods_Example.framework in Frameworks */ = {isa = PBXBuildFile; fileRef = 38FD68C87A731E9037712163 /* Pods_Example.framework */; };
/* End PBXBuildFile section */

/* Begin PBXFileReference section */
		19886C1C2496475B00A8D28D /* Example.app */ = {isa = PBXFileReference; explicitFileType = wrapper.application; includeInIndex = 0; path = Example.app; sourceTree = BUILT_PRODUCTS_DIR; };
		19886C1F2496475B00A8D28D /* AppDelegate.swift */ = {isa = PBXFileReference; lastKnownFileType = sourcecode.swift; path = AppDelegate.swift; sourceTree = "<group>"; };
		19886C232496475B00A8D28D /* ViewController.swift */ = {isa = PBXFileReference; lastKnownFileType = sourcecode.swift; path = ViewController.swift; sourceTree = "<group>"; };
		19886C262496475B00A8D28D /* Base */ = {isa = PBXFileReference; lastKnownFileType = file.storyboard; name = Base; path = Base.lproj/Main.storyboard; sourceTree = "<group>"; };
		19886C282496475D00A8D28D /* Assets.xcassets */ = {isa = PBXFileReference; lastKnownFileType = folder.assetcatalog; path = Assets.xcassets; sourceTree = "<group>"; };
		19886C2B2496475D00A8D28D /* Base */ = {isa = PBXFileReference; lastKnownFileType = file.storyboard; name = Base; path = Base.lproj/LaunchScreen.storyboard; sourceTree = "<group>"; };
		19886C2D2496475D00A8D28D /* Info.plist */ = {isa = PBXFileReference; lastKnownFileType = text.plist.xml; path = Info.plist; sourceTree = "<group>"; };
		19886CAC24964A3900A8D28D /* CustomModel.swift */ = {isa = PBXFileReference; lastKnownFileType = sourcecode.swift; path = CustomModel.swift; sourceTree = "<group>"; };
		19886CAE24964B2E00A8D28D /* DateTransform.swift */ = {isa = PBXFileReference; lastKnownFileType = sourcecode.swift; path = DateTransform.swift; sourceTree = "<group>"; };
		19EF104324AD8CDE0090A58D /* CustomModel+DAO.swift */ = {isa = PBXFileReference; lastKnownFileType = sourcecode.swift; path = "CustomModel+DAO.swift"; sourceTree = "<group>"; };
		19F8007B2497570F00A98C1F /* CustomDAO.swift */ = {isa = PBXFileReference; lastKnownFileType = sourcecode.swift; path = CustomDAO.swift; sourceTree = "<group>"; };
		38FD68C87A731E9037712163 /* Pods_Example.framework */ = {isa = PBXFileReference; explicitFileType = wrapper.framework; includeInIndex = 0; path = Pods_Example.framework; sourceTree = BUILT_PRODUCTS_DIR; };
		F4F23314EB699F7E1B04703A /* Pods-Example.release.xcconfig */ = {isa = PBXFileReference; includeInIndex = 1; lastKnownFileType = text.xcconfig; name = "Pods-Example.release.xcconfig"; path = "Target Support Files/Pods-Example/Pods-Example.release.xcconfig"; sourceTree = "<group>"; };
		F6FCCE68554163AC34C4BCDD /* Pods-Example.debug.xcconfig */ = {isa = PBXFileReference; includeInIndex = 1; lastKnownFileType = text.xcconfig; name = "Pods-Example.debug.xcconfig"; path = "Target Support Files/Pods-Example/Pods-Example.debug.xcconfig"; sourceTree = "<group>"; };
/* End PBXFileReference section */

/* Begin PBXFrameworksBuildPhase section */
		19886C192496475B00A8D28D /* Frameworks */ = {
			isa = PBXFrameworksBuildPhase;
			buildActionMask = 2147483647;
			files = (
				9EC6ECF047FB2B9A07E5588D /* Pods_Example.framework in Frameworks */,
			);
			runOnlyForDeploymentPostprocessing = 0;
		};
/* End PBXFrameworksBuildPhase section */

/* Begin PBXGroup section */
		19886C132496475B00A8D28D = {
			isa = PBXGroup;
			children = (
				19886C1E2496475B00A8D28D /* Example */,
				19886C1D2496475B00A8D28D /* Products */,
				CAB4E8C45876A1395C9EC593 /* Pods */,
				5ADF54C2C4EC44452DEEBF1A /* Frameworks */,
			);
			sourceTree = "<group>";
		};
		19886C1D2496475B00A8D28D /* Products */ = {
			isa = PBXGroup;
			children = (
				19886C1C2496475B00A8D28D /* Example.app */,
			);
			name = Products;
			sourceTree = "<group>";
		};
		19886C1E2496475B00A8D28D /* Example */ = {
			isa = PBXGroup;
			children = (
				19886C1F2496475B00A8D28D /* AppDelegate.swift */,
				19886C232496475B00A8D28D /* ViewController.swift */,
				19886CAC24964A3900A8D28D /* CustomModel.swift */,
				19EF104324AD8CDE0090A58D /* CustomModel+DAO.swift */,
				19F8007B2497570F00A98C1F /* CustomDAO.swift */,
				19886CAE24964B2E00A8D28D /* DateTransform.swift */,
				19886C252496475B00A8D28D /* Main.storyboard */,
				19886C282496475D00A8D28D /* Assets.xcassets */,
				19886C2A2496475D00A8D28D /* LaunchScreen.storyboard */,
				19886C2D2496475D00A8D28D /* Info.plist */,
			);
			path = Example;
			sourceTree = "<group>";
		};
		5ADF54C2C4EC44452DEEBF1A /* Frameworks */ = {
			isa = PBXGroup;
			children = (
				38FD68C87A731E9037712163 /* Pods_Example.framework */,
			);
			name = Frameworks;
			sourceTree = "<group>";
		};
		CAB4E8C45876A1395C9EC593 /* Pods */ = {
			isa = PBXGroup;
			children = (
				F6FCCE68554163AC34C4BCDD /* Pods-Example.debug.xcconfig */,
				F4F23314EB699F7E1B04703A /* Pods-Example.release.xcconfig */,
			);
			path = Pods;
			sourceTree = "<group>";
		};
/* End PBXGroup section */

/* Begin PBXNativeTarget section */
		19886C1B2496475B00A8D28D /* Example */ = {
			isa = PBXNativeTarget;
			buildConfigurationList = 19886C302496475D00A8D28D /* Build configuration list for PBXNativeTarget "Example" */;
			buildPhases = (
				2296DA9E58E7F83F341DF431 /* [CP] Check Pods Manifest.lock */,
				19886C182496475B00A8D28D /* Sources */,
				19886C192496475B00A8D28D /* Frameworks */,
				19886C1A2496475B00A8D28D /* Resources */,
				A69C449CDBA9265842A919DA /* [CP] Embed Pods Frameworks */,
			);
			buildRules = (
			);
			dependencies = (
			);
			name = Example;
			productName = Example;
			productReference = 19886C1C2496475B00A8D28D /* Example.app */;
			productType = "com.apple.product-type.application";
		};
/* End PBXNativeTarget section */

/* Begin PBXProject section */
		19886C142496475B00A8D28D /* Project object */ = {
			isa = PBXProject;
			attributes = {
				LastSwiftUpdateCheck = 1130;
				LastUpgradeCheck = 1130;
				ORGANIZATIONNAME = jiaxin;
				TargetAttributes = {
					19886C1B2496475B00A8D28D = {
						CreatedOnToolsVersion = 11.3.1;
					};
				};
			};
			buildConfigurationList = 19886C172496475B00A8D28D /* Build configuration list for PBXProject "Example" */;
			compatibilityVersion = "Xcode 9.3";
			developmentRegion = en;
			hasScannedForEncodings = 0;
			knownRegions = (
				en,
				Base,
			);
			mainGroup = 19886C132496475B00A8D28D;
			productRefGroup = 19886C1D2496475B00A8D28D /* Products */;
			projectDirPath = "";
			projectRoot = "";
			targets = (
				19886C1B2496475B00A8D28D /* Example */,
			);
		};
/* End PBXProject section */

/* Begin PBXResourcesBuildPhase section */
		19886C1A2496475B00A8D28D /* Resources */ = {
			isa = PBXResourcesBuildPhase;
			buildActionMask = 2147483647;
			files = (
				19886C2C2496475D00A8D28D /* LaunchScreen.storyboard in Resources */,
				19886C292496475D00A8D28D /* Assets.xcassets in Resources */,
				19886C272496475B00A8D28D /* Main.storyboard in Resources */,
			);
			runOnlyForDeploymentPostprocessing = 0;
		};
/* End PBXResourcesBuildPhase section */

/* Begin PBXShellScriptBuildPhase section */
		2296DA9E58E7F83F341DF431 /* [CP] Check Pods Manifest.lock */ = {
			isa = PBXShellScriptBuildPhase;
			buildActionMask = 2147483647;
			files = (
			);
			inputFileListPaths = (
			);
			inputPaths = (
				"${PODS_PODFILE_DIR_PATH}/Podfile.lock",
				"${PODS_ROOT}/Manifest.lock",
			);
			name = "[CP] Check Pods Manifest.lock";
			outputFileListPaths = (
			);
			outputPaths = (
				"$(DERIVED_FILE_DIR)/Pods-Example-checkManifestLockResult.txt",
			);
			runOnlyForDeploymentPostprocessing = 0;
			shellPath = /bin/sh;
			shellScript = "diff \"${PODS_PODFILE_DIR_PATH}/Podfile.lock\" \"${PODS_ROOT}/Manifest.lock\" > /dev/null\nif [ $? != 0 ] ; then\n    # print error to STDERR\n    echo \"error: The sandbox is not in sync with the Podfile.lock. Run 'pod install' or update your CocoaPods installation.\" >&2\n    exit 1\nfi\n# This output is used by Xcode 'outputs' to avoid re-running this script phase.\necho \"SUCCESS\" > \"${SCRIPT_OUTPUT_FILE_0}\"\n";
			showEnvVarsInLog = 0;
		};
		A69C449CDBA9265842A919DA /* [CP] Embed Pods Frameworks */ = {
			isa = PBXShellScriptBuildPhase;
			buildActionMask = 2147483647;
			files = (
			);
			inputFileListPaths = (
				"${PODS_ROOT}/Target Support Files/Pods-Example/Pods-Example-frameworks-${CONFIGURATION}-input-files.xcfilelist",
			);
			name = "[CP] Embed Pods Frameworks";
			outputFileListPaths = (
				"${PODS_ROOT}/Target Support Files/Pods-Example/Pods-Example-frameworks-${CONFIGURATION}-output-files.xcfilelist",
			);
			runOnlyForDeploymentPostprocessing = 0;
			shellPath = /bin/sh;
			shellScript = "\"${PODS_ROOT}/Target Support Files/Pods-Example/Pods-Example-frameworks.sh\"\n";
			showEnvVarsInLog = 0;
		};
/* End PBXShellScriptBuildPhase section */

/* Begin PBXSourcesBuildPhase section */
		19886C182496475B00A8D28D /* Sources */ = {
			isa = PBXSourcesBuildPhase;
			buildActionMask = 2147483647;
			files = (
				19886CAF24964B2E00A8D28D /* DateTransform.swift in Sources */,
				19886CAD24964A3900A8D28D /* CustomModel.swift in Sources */,
				19886C242496475B00A8D28D /* ViewController.swift in Sources */,
				19F8007C2497570F00A98C1F /* CustomDAO.swift in Sources */,
				19886C202496475B00A8D28D /* AppDelegate.swift in Sources */,
				19EF104424AD8CDE0090A58D /* CustomModel+DAO.swift in Sources */,
			);
			runOnlyForDeploymentPostprocessing = 0;
		};
/* End PBXSourcesBuildPhase section */

/* Begin PBXVariantGroup section */
		19886C252496475B00A8D28D /* Main.storyboard */ = {
			isa = PBXVariantGroup;
			children = (
				19886C262496475B00A8D28D /* Base */,
			);
			name = Main.storyboard;
			sourceTree = "<group>";
		};
		19886C2A2496475D00A8D28D /* LaunchScreen.storyboard */ = {
			isa = PBXVariantGroup;
			children = (
				19886C2B2496475D00A8D28D /* Base */,
			);
			name = LaunchScreen.storyboard;
			sourceTree = "<group>";
		};
/* End PBXVariantGroup section */

/* Begin XCBuildConfiguration section */
		19886C2E2496475D00A8D28D /* Debug */ = {
			isa = XCBuildConfiguration;
			buildSettings = {
				ALWAYS_SEARCH_USER_PATHS = NO;
				CLANG_ANALYZER_NONNULL = YES;
				CLANG_ANALYZER_NUMBER_OBJECT_CONVERSION = YES_AGGRESSIVE;
				CLANG_CXX_LANGUAGE_STANDARD = "gnu++14";
				CLANG_CXX_LIBRARY = "libc++";
				CLANG_ENABLE_MODULES = YES;
				CLANG_ENABLE_OBJC_ARC = YES;
				CLANG_ENABLE_OBJC_WEAK = YES;
				CLANG_WARN_BLOCK_CAPTURE_AUTORELEASING = YES;
				CLANG_WARN_BOOL_CONVERSION = YES;
				CLANG_WARN_COMMA = YES;
				CLANG_WARN_CONSTANT_CONVERSION = YES;
				CLANG_WARN_DEPRECATED_OBJC_IMPLEMENTATIONS = YES;
				CLANG_WARN_DIRECT_OBJC_ISA_USAGE = YES_ERROR;
				CLANG_WARN_DOCUMENTATION_COMMENTS = YES;
				CLANG_WARN_EMPTY_BODY = YES;
				CLANG_WARN_ENUM_CONVERSION = YES;
				CLANG_WARN_INFINITE_RECURSION = YES;
				CLANG_WARN_INT_CONVERSION = YES;
				CLANG_WARN_NON_LITERAL_NULL_CONVERSION = YES;
				CLANG_WARN_OBJC_IMPLICIT_RETAIN_SELF = YES;
				CLANG_WARN_OBJC_LITERAL_CONVERSION = YES;
				CLANG_WARN_OBJC_ROOT_CLASS = YES_ERROR;
				CLANG_WARN_RANGE_LOOP_ANALYSIS = YES;
				CLANG_WARN_STRICT_PROTOTYPES = YES;
				CLANG_WARN_SUSPICIOUS_MOVE = YES;
				CLANG_WARN_UNGUARDED_AVAILABILITY = YES_AGGRESSIVE;
				CLANG_WARN_UNREACHABLE_CODE = YES;
				CLANG_WARN__DUPLICATE_METHOD_MATCH = YES;
				COPY_PHASE_STRIP = NO;
				DEBUG_INFORMATION_FORMAT = dwarf;
				ENABLE_STRICT_OBJC_MSGSEND = YES;
				ENABLE_TESTABILITY = YES;
				GCC_C_LANGUAGE_STANDARD = gnu11;
				GCC_DYNAMIC_NO_PIC = NO;
				GCC_NO_COMMON_BLOCKS = YES;
				GCC_OPTIMIZATION_LEVEL = 0;
				GCC_PREPROCESSOR_DEFINITIONS = (
					"DEBUG=1",
					"$(inherited)",
				);
				GCC_WARN_64_TO_32_BIT_CONVERSION = YES;
				GCC_WARN_ABOUT_RETURN_TYPE = YES_ERROR;
				GCC_WARN_UNDECLARED_SELECTOR = YES;
				GCC_WARN_UNINITIALIZED_AUTOS = YES_AGGRESSIVE;
				GCC_WARN_UNUSED_FUNCTION = YES;
				GCC_WARN_UNUSED_VARIABLE = YES;
				IPHONEOS_DEPLOYMENT_TARGET = 9.0;
				MTL_ENABLE_DEBUG_INFO = INCLUDE_SOURCE;
				MTL_FAST_MATH = YES;
				ONLY_ACTIVE_ARCH = YES;
				SDKROOT = iphoneos;
				SWIFT_ACTIVE_COMPILATION_CONDITIONS = DEBUG;
				SWIFT_OPTIMIZATION_LEVEL = "-Onone";
			};
			name = Debug;
		};
		19886C2F2496475D00A8D28D /* Release */ = {
			isa = XCBuildConfiguration;
			buildSettings = {
				ALWAYS_SEARCH_USER_PATHS = NO;
				CLANG_ANALYZER_NONNULL = YES;
				CLANG_ANALYZER_NUMBER_OBJECT_CONVERSION = YES_AGGRESSIVE;
				CLANG_CXX_LANGUAGE_STANDARD = "gnu++14";
				CLANG_CXX_LIBRARY = "libc++";
				CLANG_ENABLE_MODULES = YES;
				CLANG_ENABLE_OBJC_ARC = YES;
				CLANG_ENABLE_OBJC_WEAK = YES;
				CLANG_WARN_BLOCK_CAPTURE_AUTORELEASING = YES;
				CLANG_WARN_BOOL_CONVERSION = YES;
				CLANG_WARN_COMMA = YES;
				CLANG_WARN_CONSTANT_CONVERSION = YES;
				CLANG_WARN_DEPRECATED_OBJC_IMPLEMENTATIONS = YES;
				CLANG_WARN_DIRECT_OBJC_ISA_USAGE = YES_ERROR;
				CLANG_WARN_DOCUMENTATION_COMMENTS = YES;
				CLANG_WARN_EMPTY_BODY = YES;
				CLANG_WARN_ENUM_CONVERSION = YES;
				CLANG_WARN_INFINITE_RECURSION = YES;
				CLANG_WARN_INT_CONVERSION = YES;
				CLANG_WARN_NON_LITERAL_NULL_CONVERSION = YES;
				CLANG_WARN_OBJC_IMPLICIT_RETAIN_SELF = YES;
				CLANG_WARN_OBJC_LITERAL_CONVERSION = YES;
				CLANG_WARN_OBJC_ROOT_CLASS = YES_ERROR;
				CLANG_WARN_RANGE_LOOP_ANALYSIS = YES;
				CLANG_WARN_STRICT_PROTOTYPES = YES;
				CLANG_WARN_SUSPICIOUS_MOVE = YES;
				CLANG_WARN_UNGUARDED_AVAILABILITY = YES_AGGRESSIVE;
				CLANG_WARN_UNREACHABLE_CODE = YES;
				CLANG_WARN__DUPLICATE_METHOD_MATCH = YES;
				COPY_PHASE_STRIP = NO;
				DEBUG_INFORMATION_FORMAT = "dwarf-with-dsym";
				ENABLE_NS_ASSERTIONS = NO;
				ENABLE_STRICT_OBJC_MSGSEND = YES;
				GCC_C_LANGUAGE_STANDARD = gnu11;
				GCC_NO_COMMON_BLOCKS = YES;
				GCC_WARN_64_TO_32_BIT_CONVERSION = YES;
				GCC_WARN_ABOUT_RETURN_TYPE = YES_ERROR;
				GCC_WARN_UNDECLARED_SELECTOR = YES;
				GCC_WARN_UNINITIALIZED_AUTOS = YES_AGGRESSIVE;
				GCC_WARN_UNUSED_FUNCTION = YES;
				GCC_WARN_UNUSED_VARIABLE = YES;
				IPHONEOS_DEPLOYMENT_TARGET = 9.0;
				MTL_ENABLE_DEBUG_INFO = NO;
				MTL_FAST_MATH = YES;
				SDKROOT = iphoneos;
				SWIFT_COMPILATION_MODE = wholemodule;
				SWIFT_OPTIMIZATION_LEVEL = "-O";
				VALIDATE_PRODUCT = YES;
			};
			name = Release;
		};
		19886C312496475D00A8D28D /* Debug */ = {
			isa = XCBuildConfiguration;
			baseConfigurationReference = F6FCCE68554163AC34C4BCDD /* Pods-Example.debug.xcconfig */;
			buildSettings = {
				ASSETCATALOG_COMPILER_APPICON_NAME = AppIcon;
				CODE_SIGN_STYLE = Automatic;
				INFOPLIST_FILE = Example/Info.plist;
				IPHONEOS_DEPLOYMENT_TARGET = 9.0;
				LD_RUNPATH_SEARCH_PATHS = (
					"$(inherited)",
					"@executable_path/Frameworks",
				);
				PRODUCT_BUNDLE_IDENTIFIER = jiaxin.Example;
				PRODUCT_NAME = "$(TARGET_NAME)";
				SWIFT_VERSION = 5.0;
				TARGETED_DEVICE_FAMILY = "1,2";
			};
			name = Debug;
		};
		19886C322496475D00A8D28D /* Release */ = {
			isa = XCBuildConfiguration;
			baseConfigurationReference = F4F23314EB699F7E1B04703A /* Pods-Example.release.xcconfig */;
			buildSettings = {
				ASSETCATALOG_COMPILER_APPICON_NAME = AppIcon;
				CODE_SIGN_STYLE = Automatic;
				INFOPLIST_FILE = Example/Info.plist;
				IPHONEOS_DEPLOYMENT_TARGET = 9.0;
				LD_RUNPATH_SEARCH_PATHS = (
					"$(inherited)",
					"@executable_path/Frameworks",
				);
				PRODUCT_BUNDLE_IDENTIFIER = jiaxin.Example;
				PRODUCT_NAME = "$(TARGET_NAME)";
				SWIFT_VERSION = 5.0;
				TARGETED_DEVICE_FAMILY = "1,2";
			};
			name = Release;
		};
/* End XCBuildConfiguration section */

/* Begin XCConfigurationList section */
		19886C172496475B00A8D28D /* Build configuration list for PBXProject "Example" */ = {
			isa = XCConfigurationList;
			buildConfigurations = (
				19886C2E2496475D00A8D28D /* Debug */,
				19886C2F2496475D00A8D28D /* Release */,
			);
			defaultConfigurationIsVisible = 0;
			defaultConfigurationName = Release;
		};
		19886C302496475D00A8D28D /* Build configuration list for PBXNativeTarget "Example" */ = {
			isa = XCConfigurationList;
			buildConfigurations = (
				19886C312496475D00A8D28D /* Debug */,
				19886C322496475D00A8D28D /* Release */,
			);
			defaultConfigurationIsVisible = 0;
			defaultConfigurationName = Release;
		};
/* End XCConfigurationList section */
	};
	rootObject = 19886C142496475B00A8D28D /* Project object */;
}
